Microsoft Visual Studio Solution File, Format Version 11.00
# Visual Studio 2008

Project("{DB33D211-9115-A946-1591-914C85A3B331}") = "MatrixTest", "Assembly-CSharp-firstpass-vs.csproj", "{C1D587E4-81D0-DD4B-744A-4A9653399585}"
EndProject
Project("{DB33D211-9115-A946-1591-914C85A3B331}") = "MatrixTest", "Assembly-CSharp-vs.csproj", "{64611CE0-A8DB-6558-BD95-D0D06DA465E2}"
EndProject
Project("{DB33D211-9115-A946-1591-914C85A3B331}") = "MatrixTest", "Assembly-CSharp-Editor-firstpass-vs.csproj", "{9F821EB3-62DF-E672-CFC9-4EB7BDD93B05}"
EndProject
Global
	GlobalSection(SolutionConfigurationPlatforms) = preSolution
		Debug|Any CPU = Debug|Any CPU
		Release|Any CPU = Release|Any CPU
	EndGlobalSection
	GlobalSection(ProjectConfigurationPlatforms) = postSolution
		{C1D587E4-81D0-DD4B-744A-4A9653399585}.Debug|Any CPU.ActiveCfg = Debug|Any CPU
		{C1D587E4-81D0-DD4B-744A-4A9653399585}.Debug|Any CPU.Build.0 = Debug|Any CPU
		{C1D587E4-81D0-DD4B-744A-4A9653399585}.Release|Any CPU.ActiveCfg = Release|Any CPU
		{C1D587E4-81D0-DD4B-744A-4A9653399585}.Release|Any CPU.Build.0 = Release|Any CPU
		{64611CE0-A8DB-6558-BD95-D0D06DA465E2}.Debug|Any CPU.ActiveCfg = Debug|Any CPU
		{64611CE0-A8DB-6558-BD95-D0D06DA465E2}.Debug|Any CPU.Build.0 = Debug|Any CPU
		{64611CE0-A8DB-6558-BD95-D0D06DA465E2}.Release|Any CPU.ActiveCfg = Release|Any CPU
		{64611CE0-A8DB-6558-BD95-D0D06DA465E2}.Release|Any CPU.Build.0 = Release|Any CPU
		{9F821EB3-62DF-E672-CFC9-4EB7BDD93B05}.Debug|Any CPU.ActiveCfg = Debug|Any CPU
		{9F821EB3-62DF-E672-CFC9-4EB7BDD93B05}.Debug|Any CPU.Build.0 = Debug|Any CPU
		{9F821EB3-62DF-E672-CFC9-4EB7BDD93B05}.Release|Any CPU.ActiveCfg = Release|Any CPU
		{9F821EB3-62DF-E672-CFC9-4EB7BDD93B05}.Release|Any CPU.Build.0 = Release|Any CPU
	EndGlobalSection
	GlobalSection(SolutionProperties) = preSolution
		HideSolutionNode = FALSE
	EndGlobalSection
													GlobalSection(MonoDevelopProperties) = preSolution
		StartupItem = Assembly-CSharp.csproj
		Policies = $0
		$0.TextStylePolicy = $1
		$1.inheritsSet = null
		$1.scope = text/x-csharp
		$0.CSharpFormattingPolicy = $2
		$2.inheritsSet = Mono
		$2.inheritsScope = text/x-csharp
		$2.scope = text/x-csharp
		$0.TextStylePolicy = $3
		$3.FileWidth = 120
		$3.TabWidth = 4
		$3.EolMarker = Unix
		$3.inheritsSet = Mono
		$3.inheritsScope = text/plain
		$3.scope = text/plain
	EndGlobalSection

EndGlobal
